
Microsoft Visual Studio Solution File, Format Version 12.00
# Visual Studio Version 16
VisualStudioVersion = 16.0.29926.136
MinimumVisualStudioVersion = 10.0.40219.1
Project("{9A19103F-16F7-4668-BE54-9A1E7A4F7556}") = "NetDemo", "NetDemo\NetDemo.csproj", "{F9F4A1B1-1590-4BA6-8161-F31D6A864DDD}"
EndProject
Project("{9A19103F-16F7-4668-BE54-9A1E7A4F7556}") = "NetDemo.Polly", "NetDemo.Polly\NetDemo.Polly.csproj", "{99A1DB3B-29AA-42EC-B26C-B4B83BFD9610}"
EndProject
Project("{9A19103F-16F7-4668-BE54-9A1E7A4F7556}") = "NetDemo.EFEvent", "NetDemo.EFEvent\NetDemo.EFEvent.csproj", "{D7238B8F-1A14-4088-B81C-8C39FFE56570}"
EndProject
Project("{9A19103F-16F7-4668-BE54-9A1E7A4F7556}") = "NetDemo.Ocelot", "NetDemo.Ocelot\NetDemo.Ocelot.csproj", "{0EA78025-F4F6-4249-BDA5-41A92200E83B}"
EndProject
Project("{FAE04EC0-301F-11D3-BF4B-00C04F79EFBC}") = "NetDemo.IdentityServer4", "NetDemo.IdentityServer4\NetDemo.IdentityServer4.csproj", "{1824BBFE-C56E-4297-8184-67EC370B38E6}"
EndProject
Global
	GlobalSection(SolutionConfigurationPlatforms) = preSolution
		Debug|Any CPU = Debug|Any CPU
		Release|Any CPU = Release|Any CPU
	EndGlobalSection
	GlobalSection(ProjectConfigurationPlatforms) = postSolution
		{F9F4A1B1-1590-4BA6-8161-F31D6A864DDD}.Debug|Any CPU.ActiveCfg = Debug|Any CPU
		{F9F4A1B1-1590-4BA6-8161-F31D6A864DDD}.Debug|Any CPU.Build.0 = Debug|Any CPU
		{F9F4A1B1-1590-4BA6-8161-F31D6A864DDD}.Release|Any CPU.ActiveCfg = Release|Any CPU
		{F9F4A1B1-1590-4BA6-8161-F31D6A864DDD}.Release|Any CPU.Build.0 = Release|Any CPU
		{99A1DB3B-29AA-42EC-B26C-B4B83BFD9610}.Debug|Any CPU.ActiveCfg = Debug|Any CPU
		{99A1DB3B-29AA-42EC-B26C-B4B83BFD9610}.Debug|Any CPU.Build.0 = Debug|Any CPU
		{99A1DB3B-29AA-42EC-B26C-B4B83BFD9610}.Release|Any CPU.ActiveCfg = Release|Any CPU
		{99A1DB3B-29AA-42EC-B26C-B4B83BFD9610}.Release|Any CPU.Build.0 = Release|Any CPU
		{D7238B8F-1A14-4088-B81C-8C39FFE56570}.Debug|Any CPU.ActiveCfg = Debug|Any CPU
		{D7238B8F-1A14-4088-B81C-8C39FFE56570}.Debug|Any CPU.Build.0 = Debug|Any CPU
		{D7238B8F-1A14-4088-B81C-8C39FFE56570}.Release|Any CPU.ActiveCfg = Release|Any CPU
		{D7238B8F-1A14-4088-B81C-8C39FFE56570}.Release|Any CPU.Build.0 = Release|Any CPU
		{0EA78025-F4F6-4249-BDA5-41A92200E83B}.Debug|Any CPU.ActiveCfg = Debug|Any CPU
		{0EA78025-F4F6-4249-BDA5-41A92200E83B}.Debug|Any CPU.Build.0 = Debug|Any CPU
		{0EA78025-F4F6-4249-BDA5-41A92200E83B}.Release|Any CPU.ActiveCfg = Release|Any CPU
		{0EA78025-F4F6-4249-BDA5-41A92200E83B}.Release|Any CPU.Build.0 = Release|Any CPU
		{1824BBFE-C56E-4297-8184-67EC370B38E6}.Debug|Any CPU.ActiveCfg = Debug|Any CPU
		{1824BBFE-C56E-4297-8184-67EC370B38E6}.Debug|Any CPU.Build.0 = Debug|Any CPU
		{1824BBFE-C56E-4297-8184-67EC370B38E6}.Release|Any CPU.ActiveCfg = Release|Any CPU
		{1824BBFE-C56E-4297-8184-67EC370B38E6}.Release|Any CPU.Build.0 = Release|Any CPU
	EndGlobalSection
	GlobalSection(SolutionProperties) = preSolution
		HideSolutionNode = FALSE
	EndGlobalSection
	GlobalSection(ExtensibilityGlobals) = postSolution
		SolutionGuid = {3230B515-8052-4ED2-A24C-16BA8253B050}
	EndGlobalSection
EndGlobal
